
Microsoft Visual Studio Solution File, Format Version 12.00
# Visual Studio Version 16
VisualStudioVersion = 16.0.33423.256
MinimumVisualStudioVersion = 10.0.40219.1
Project("{FAE04EC0-301F-11D3-BF4B-00C04F79EFBC}") = "ElementManagement", "ElementManagement\ElementManagement.csproj", "{267CEF62-6D49-4B7C-A2C9-1D18F01FCB81}"
EndProject
Global
	GlobalSection(SolutionConfigurationPlatforms) = preSolution
		Debug|Any CPU = Debug|Any CPU
		Release|Any CPU = Release|Any CPU
	EndGlobalSection
	GlobalSection(ProjectConfigurationPlatforms) = postSolution
		{267CEF62-6D49-4B7C-A2C9-1D18F01FCB81}.Debug|Any CPU.ActiveCfg = Debug|Any CPU
		{267CEF62-6D49-4B7C-A2C9-1D18F01FCB81}.Debug|Any CPU.Build.0 = Debug|Any CPU
		{267CEF62-6D49-4B7C-A2C9-1D18F01FCB81}.Release|Any CPU.ActiveCfg = Release|Any CPU
		{267CEF62-6D49-4B7C-A2C9-1D18F01FCB81}.Release|Any CPU.Build.0 = Release|Any CPU
	EndGlobalSection
	GlobalSection(SolutionProperties) = preSolution
		HideSolutionNode = FALSE
	EndGlobalSection
	GlobalSection(ExtensibilityGlobals) = postSolution
		SolutionGuid = {846DA07C-C477-493E-843A-7A7731E767AE}
	EndGlobalSection
EndGlobal
